// !$*UTF8*$!
{
	archiveVersion = 1;
	classes = {
	};
	objectVersion = 50;
	objects = {

/* Begin PBXBuildFile section */
		555FE9562738E83D007B6308 /* AppDelegate.swift in Sources */ = {isa = PBXBuildFile; fileRef = 555FE9552738E83D007B6308 /* AppDelegate.swift */; };
		555FE9582738E83D007B6308 /* SceneDelegate.swift in Sources */ = {isa = PBXBuildFile; fileRef = 555FE9572738E83D007B6308 /* SceneDelegate.swift */; };
		555FE95A2738E83D007B6308 /* ViewController.swift in Sources */ = {isa = PBXBuildFile; fileRef = 555FE9592738E83D007B6308 /* ViewController.swift */; };
		555FE95D2738E83D007B6308 /* Main.storyboard in Resources */ = {isa = PBXBuildFile; fileRef = 555FE95B2738E83D007B6308 /* Main.storyboard */; };
		555FE95F2738E83E007B6308 /* Assets.xcassets in Resources */ = {isa = PBXBuildFile; fileRef = 555FE95E2738E83E007B6308 /* Assets.xcassets */; };
		555FE9622738E83E007B6308 /* LaunchScreen.storyboard in Resources */ = {isa = PBXBuildFile; fileRef = 555FE9602738E83E007B6308 /* LaunchScreen.storyboard */; };
		555FE96D2738E83E007B6308 /* parstagramTests.swift in Sources */ = {isa = PBXBuildFile; fileRef = 555FE96C2738E83E007B6308 /* parstagramTests.swift */; };
		555FE9782738E83E007B6308 /* parstagramUITests.swift in Sources */ = {isa = PBXBuildFile; fileRef = 555FE9772738E83E007B6308 /* parstagramUITests.swift */; };
/* End PBXBuildFile section */

/* Begin PBXContainerItemProxy section */
		555FE9692738E83E007B6308 /* PBXContainerItemProxy */ = {
			isa = PBXContainerItemProxy;
			containerPortal = 555FE94A2738E83D007B6308 /* Project object */;
			proxyType = 1;
			remoteGlobalIDString = 555FE9512738E83D007B6308;
			remoteInfo = parstagram;
		};
		555FE9742738E83E007B6308 /* PBXContainerItemProxy */ = {
			isa = PBXContainerItemProxy;
			containerPortal = 555FE94A2738E83D007B6308 /* Project object */;
			proxyType = 1;
			remoteGlobalIDString = 555FE9512738E83D007B6308;
			remoteInfo = parstagram;
		};
/* End PBXContainerItemProxy section */

/* Begin PBXFileReference section */
		555FE9522738E83D007B6308 /* parstagram.app */ = {isa = PBXFileReference; explicitFileType = wrapper.application; includeInIndex = 0; path = parstagram.app; sourceTree = BUILT_PRODUCTS_DIR; };
		555FE9552738E83D007B6308 /* AppDelegate.swift */ = {isa = PBXFileReference; lastKnownFileType = sourcecode.swift; path = AppDelegate.swift; sourceTree = "<group>"; };
		555FE9572738E83D007B6308 /* SceneDelegate.swift */ = {isa = PBXFileReference; lastKnownFileType = sourcecode.swift; path = SceneDelegate.swift; sourceTree = "<group>"; };
		555FE9592738E83D007B6308 /* ViewController.swift */ = {isa = PBXFileReference; lastKnownFileType = sourcecode.swift; path = ViewController.swift; sourceTree = "<group>"; };
		555FE95C2738E83D007B6308 /* Base */ = {isa = PBXFileReference; lastKnownFileType = file.storyboard; name = Base; path = Base.lproj/Main.storyboard; sourceTree = "<group>"; };
		555FE95E2738E83E007B6308 /* Assets.xcassets */ = {isa = PBXFileReference; lastKnownFileType = folder.assetcatalog; path = Assets.xcassets; sourceTree = "<group>"; };
		555FE9612738E83E007B6308 /* Base */ = {isa = PBXFileReference; lastKnownFileType = file.storyboard; name = Base; path = Base.lproj/LaunchScreen.storyboard; sourceTree = "<group>"; };
		555FE9632738E83E007B6308 /* Info.plist */ = {isa = PBXFileReference; lastKnownFileType = text.plist.xml; path = Info.plist; sourceTree = "<group>"; };
		555FE9682738E83E007B6308 /* parstagramTests.xctest */ = {isa = PBXFileReference; explicitFileType = wrapper.cfbundle; includeInIndex = 0; path = parstagramTests.xctest; sourceTree = BUILT_PRODUCTS_DIR; };
		555FE96C2738E83E007B6308 /* parstagramTests.swift */ = {isa = PBXFileReference; lastKnownFileType = sourcecode.swift; path = parstagramTests.swift; sourceTree = "<group>"; };
		555FE96E2738E83E007B6308 /* Info.plist */ = {isa = PBXFileReference; lastKnownFileType = text.plist.xml; path = Info.plist; sourceTree = "<group>"; };
		555FE9732738E83E007B6308 /* parstagramUITests.xctest */ = {isa = PBXFileReference; explicitFileType = wrapper.cfbundle; includeInIndex = 0; path = parstagramUITests.xctest; sourceTree = BUILT_PRODUCTS_DIR; };
		555FE9772738E83E007B6308 /* parstagramUITests.swift */ = {isa = PBXFileReference; lastKnownFileType = sourcecode.swift; path = parstagramUITests.swift; sourceTree = "<group>"; };
		555FE9792738E83E007B6308 /* Info.plist */ = {isa = PBXFileReference; lastKnownFileType = text.plist.xml; path = Info.plist; sourceTree = "<group>"; };
/* End PBXFileReference section */

/* Begin PBXFrameworksBuildPhase section */
		555FE94F2738E83D007B6308 /* Frameworks */ = {
			isa = PBXFrameworksBuildPhase;
			buildActionMask = 2147483647;
			files = (
			);
			runOnlyForDeploymentPostprocessing = 0;
		};
		555FE9652738E83E007B6308 /* Frameworks */ = {
			isa = PBXFrameworksBuildPhase;
			buildActionMask = 2147483647;
			files = (
			);
			runOnlyForDeploymentPostprocessing = 0;
		};
		555FE9702738E83E007B6308 /* Frameworks */ = {
			isa = PBXFrameworksBuildPhase;
			buildActionMask = 2147483647;
			files = (
			);
			runOnlyForDeploymentPostprocessing = 0;
		};
/* End PBXFrameworksBuildPhase section */

/* Begin PBXGroup section */
		555FE9492738E83D007B6308 = {
			isa = PBXGroup;
			children = (
				555FE9542738E83D007B6308 /* parstagram */,
				555FE96B2738E83E007B6308 /* parstagramTests */,
				555FE9762738E83E007B6308 /* parstagramUITests */,
				555FE9532738E83D007B6308 /* Products */,
			);
			sourceTree = "<group>";
		};
		555FE9532738E83D007B6308 /* Products */ = {
			isa = PBXGroup;
			children = (
				555FE9522738E83D007B6308 /* parstagram.app */,
				555FE9682738E83E007B6308 /* parstagramTests.xctest */,
				555FE9732738E83E007B6308 /* parstagramUITests.xctest */,
			);
			name = Products;
			sourceTree = "<group>";
		};
		555FE9542738E83D007B6308 /* parstagram */ = {
			isa = PBXGroup;
			children = (
				555FE9552738E83D007B6308 /* AppDelegate.swift */,
				555FE9572738E83D007B6308 /* SceneDelegate.swift */,
				555FE9592738E83D007B6308 /* ViewController.swift */,
				555FE95B2738E83D007B6308 /* Main.storyboard */,
				555FE95E2738E83E007B6308 /* Assets.xcassets */,
				555FE9602738E83E007B6308 /* LaunchScreen.storyboard */,
				555FE9632738E83E007B6308 /* Info.plist */,
			);
			path = parstagram;
			sourceTree = "<group>";
		};
		555FE96B2738E83E007B6308 /* parstagramTests */ = {
			isa = PBXGroup;
			children = (
				555FE96C2738E83E007B6308 /* parstagramTests.swift */,
				555FE96E2738E83E007B6308 /* Info.plist */,
			);
			path = parstagramTests;
			sourceTree = "<group>";
		};
		555FE9762738E83E007B6308 /* parstagramUITests */ = {
			isa = PBXGroup;
			children = (
				555FE9772738E83E007B6308 /* parstagramUITests.swift */,
				555FE9792738E83E007B6308 /* Info.plist */,
			);
			path = parstagramUITests;
			sourceTree = "<group>";
		};
/* End PBXGroup section */

/* Begin PBXNativeTarget section */
		555FE9512738E83D007B6308 /* parstagram */ = {
			isa = PBXNativeTarget;
			buildConfigurationList = 555FE97C2738E83E007B6308 /* Build configuration list for PBXNativeTarget "parstagram" */;
			buildPhases = (
				555FE94E2738E83D007B6308 /* Sources */,
				555FE94F2738E83D007B6308 /* Frameworks */,
				555FE9502738E83D007B6308 /* Resources */,
			);
			buildRules = (
			);
			dependencies = (
			);
			name = parstagram;
			productName = parstagram;
			productReference = 555FE9522738E83D007B6308 /* parstagram.app */;
			productType = "com.apple.product-type.application";
		};
		555FE9672738E83E007B6308 /* parstagramTests */ = {
			isa = PBXNativeTarget;
			buildConfigurationList = 555FE97F2738E83E007B6308 /* Build configuration list for PBXNativeTarget "parstagramTests" */;
			buildPhases = (
				555FE9642738E83E007B6308 /* Sources */,
				555FE9652738E83E007B6308 /* Frameworks */,
				555FE9662738E83E007B6308 /* Resources */,
			);
			buildRules = (
			);
			dependencies = (
				555FE96A2738E83E007B6308 /* PBXTargetDependency */,
			);
			name = parstagramTests;
			productName = parstagramTests;
			productReference = 555FE9682738E83E007B6308 /* parstagramTests.xctest */;
			productType = "com.apple.product-type.bundle.unit-test";
		};
		555FE9722738E83E007B6308 /* parstagramUITests */ = {
			isa = PBXNativeTarget;
			buildConfigurationList = 555FE9822738E83E007B6308 /* Build configuration list for PBXNativeTarget "parstagramUITests" */;
			buildPhases = (
				555FE96F2738E83E007B6308 /* Sources */,
				555FE9702738E83E007B6308 /* Frameworks */,
				555FE9712738E83E007B6308 /* Resources */,
			);
			buildRules = (
			);
			dependencies = (
				555FE9752738E83E007B6308 /* PBXTargetDependency */,
			);
			name = parstagramUITests;
			productName = parstagramUITests;
			productReference = 555FE9732738E83E007B6308 /* parstagramUITests.xctest */;
			productType = "com.apple.product-type.bundle.ui-testing";
		};
/* End PBXNativeTarget section */

/* Begin PBXProject section */
		555FE94A2738E83D007B6308 /* Project object */ = {
			isa = PBXProject;
			attributes = {
				LastSwiftUpdateCheck = 1250;
				LastUpgradeCheck = 1250;
				TargetAttributes = {
					555FE9512738E83D007B6308 = {
						CreatedOnToolsVersion = 12.5.1;
					};
					555FE9672738E83E007B6308 = {
						CreatedOnToolsVersion = 12.5.1;
						TestTargetID = 555FE9512738E83D007B6308;
					};
					555FE9722738E83E007B6308 = {
						CreatedOnToolsVersion = 12.5.1;
						TestTargetID = 555FE9512738E83D007B6308;
					};
				};
			};
			buildConfigurationList = 555FE94D2738E83D007B6308 /* Build configuration list for PBXProject "parstagram" */;
			compatibilityVersion = "Xcode 9.3";
			developmentRegion = en;
			hasScannedForEncodings = 0;
			knownRegions = (
				en,
				Base,
			);
			mainGroup = 555FE9492738E83D007B6308;
			productRefGroup = 555FE9532738E83D007B6308 /* Products */;
			projectDirPath = "";
			projectRoot = "";
			targets = (
				555FE9512738E83D007B6308 /* parstagram */,
				555FE9672738E83E007B6308 /* parstagramTests */,
				555FE9722738E83E007B6308 /* parstagramUITests */,
			);
		};
/* End PBXProject section */

/* Begin PBXResourcesBuildPhase section */
		555FE9502738E83D007B6308 /* Resources */ = {
			isa = PBXResourcesBuildPhase;
			buildActionMask = 2147483647;
			files = (
				555FE9622738E83E007B6308 /* LaunchScreen.storyboard in Resources */,
				555FE95F2738E83E007B6308 /* Assets.xcassets in Resources */,
				555FE95D2738E83D007B6308 /* Main.storyboard in Resources */,
			);
			runOnlyForDeploymentPostprocessing = 0;
		};
		555FE9662738E83E007B6308 /* Resources */ = {
			isa = PBXResourcesBuildPhase;
			buildActionMask = 2147483647;
			files = (
			);
			runOnlyForDeploymentPostprocessing = 0;
		};
		555FE9712738E83E007B6308 /* Resources */ = {
			isa = PBXResourcesBuildPhase;
			buildActionMask = 2147483647;
			files = (
			);
			runOnlyForDeploymentPostprocessing = 0;
		};
/* End PBXResourcesBuildPhase section */

/* Begin PBXSourcesBuildPhase section */
		555FE94E2738E83D007B6308 /* Sources */ = {
			isa = PBXSourcesBuildPhase;
			buildActionMask = 2147483647;
			files = (
				555FE95A2738E83D007B6308 /* ViewController.swift in Sources */,
				555FE9562738E83D007B6308 /* AppDelegate.swift in Sources */,
				555FE9582738E83D007B6308 /* SceneDelegate.swift in Sources */,
			);
			runOnlyForDeploymentPostprocessing = 0;
		};
		555FE9642738E83E007B6308 /* Sources */ = {
			isa = PBXSourcesBuildPhase;
			buildActionMask = 2147483647;
			files = (
				555FE96D2738E83E007B6308 /* parstagramTests.swift in Sources */,
			);
			runOnlyForDeploymentPostprocessing = 0;
		};
		555FE96F2738E83E007B6308 /* Sources */ = {
			isa = PBXSourcesBuildPhase;
			buildActionMask = 2147483647;
			files = (
				555FE9782738E83E007B6308 /* parstagramUITests.swift in Sources */,
			);
			runOnlyForDeploymentPostprocessing = 0;
		};
/* End PBXSourcesBuildPhase section */

/* Begin PBXTargetDependency section */
		555FE96A2738E83E007B6308 /* PBXTargetDependency */ = {
			isa = PBXTargetDependency;
			target = 555FE9512738E83D007B6308 /* parstagram */;
			targetProxy = 555FE9692738E83E007B6308 /* PBXContainerItemProxy */;
		};
		555FE9752738E83E007B6308 /* PBXTargetDependency */ = {
			isa = PBXTargetDependency;
			target = 555FE9512738E83D007B6308 /* parstagram */;
			targetProxy = 555FE9742738E83E007B6308 /* PBXContainerItemProxy */;
		};
/* End PBXTargetDependency section */

/* Begin PBXVariantGroup section */
		555FE95B2738E83D007B6308 /* Main.storyboard */ = {
			isa = PBXVariantGroup;
			children = (
				555FE95C2738E83D007B6308 /* Base */,
			);
			name = Main.storyboard;
			sourceTree = "<group>";
		};
		555FE9602738E83E007B6308 /* LaunchScreen.storyboard */ = {
			isa = PBXVariantGroup;
			children = (
				555FE9612738E83E007B6308 /* Base */,
			);
			name = LaunchScreen.storyboard;
			sourceTree = "<group>";
		};
/* End PBXVariantGroup section */

/* Begin XCBuildConfiguration section */
		555FE97A2738E83E007B6308 /* Debug */ = {
			isa = XCBuildConfiguration;
			buildSettings = {
				ALWAYS_SEARCH_USER_PATHS = NO;
				CLANG_ANALYZER_NONNULL = YES;
				CLANG_ANALYZER_NUMBER_OBJECT_CONVERSION = YES_AGGRESSIVE;
				CLANG_CXX_LANGUAGE_STANDARD = "gnu++14";
				CLANG_CXX_LIBRARY = "libc++";
				CLANG_ENABLE_MODULES = YES;
				CLANG_ENABLE_OBJC_ARC = YES;
				CLANG_ENABLE_OBJC_WEAK = YES;
				CLANG_WARN_BLOCK_CAPTURE_AUTORELEASING = YES;
				CLANG_WARN_BOOL_CONVERSION = YES;
				CLANG_WARN_COMMA = YES;
				CLANG_WARN_CONSTANT_CONVERSION = YES;
				CLANG_WARN_DEPRECATED_OBJC_IMPLEMENTATIONS = YES;
				CLANG_WARN_DIRECT_OBJC_ISA_USAGE = YES_ERROR;
				CLANG_WARN_DOCUMENTATION_COMMENTS = YES;
				CLANG_WARN_EMPTY_BODY = YES;
				CLANG_WARN_ENUM_CONVERSION = YES;
				CLANG_WARN_INFINITE_RECURSION = YES;
				CLANG_WARN_INT_CONVERSION = YES;
				CLANG_WARN_NON_LITERAL_NULL_CONVERSION = YES;
				CLANG_WARN_OBJC_IMPLICIT_RETAIN_SELF = YES;
				CLANG_WARN_OBJC_LITERAL_CONVERSION = YES;
				CLANG_WARN_OBJC_ROOT_CLASS = YES_ERROR;
				CLANG_WARN_QUOTED_INCLUDE_IN_FRAMEWORK_HEADER = YES;
				CLANG_WARN_RANGE_LOOP_ANALYSIS = YES;
				CLANG_WARN_STRICT_PROTOTYPES = YES;
				CLANG_WARN_SUSPICIOUS_MOVE = YES;
				CLANG_WARN_UNGUARDED_AVAILABILITY = YES_AGGRESSIVE;
				CLANG_WARN_UNREACHABLE_CODE = YES;
				CLANG_WARN__DUPLICATE_METHOD_MATCH = YES;
				COPY_PHASE_STRIP = NO;
				DEBUG_INFORMATION_FORMAT = dwarf;
				ENABLE_STRICT_OBJC_MSGSEND = YES;
				ENABLE_TESTABILITY = YES;
				GCC_C_LANGUAGE_STANDARD = gnu11;
				GCC_DYNAMIC_NO_PIC = NO;
				GCC_NO_COMMON_BLOCKS = YES;
				GCC_OPTIMIZATION_LEVEL = 0;
				GCC_PREPROCESSOR_DEFINITIONS = (
					"DEBUG=1",
					"$(inherited)",
				);
				GCC_WARN_64_TO_32_BIT_CONVERSION = YES;
				GCC_WARN_ABOUT_RETURN_TYPE = YES_ERROR;
				GCC_WARN_UNDECLARED_SELECTOR = YES;
				GCC_WARN_UNINITIALIZED_AUTOS = YES_AGGRESSIVE;
				GCC_WARN_UNUSED_FUNCTION = YES;
				GCC_WARN_UNUSED_VARIABLE = YES;
				IPHONEOS_DEPLOYMENT_TARGET = 14.5;
				MTL_ENABLE_DEBUG_INFO = INCLUDE_SOURCE;
				MTL_FAST_MATH = YES;
				ONLY_ACTIVE_ARCH = YES;
				SDKROOT = iphoneos;
				SWIFT_ACTIVE_COMPILATION_CONDITIONS = DEBUG;
				SWIFT_OPTIMIZATION_LEVEL = "-Onone";
			};
			name = Debug;
		};
		555FE97B2738E83E007B6308 /* Release */ = {
			isa = XCBuildConfiguration;
			buildSettings = {
				ALWAYS_SEARCH_USER_PATHS = NO;
				CLANG_ANALYZER_NONNULL = YES;
				CLANG_ANALYZER_NUMBER_OBJECT_CONVERSION = YES_AGGRESSIVE;
				CLANG_CXX_LANGUAGE_STANDARD = "gnu++14";
				CLANG_CXX_LIBRARY = "libc++";
				CLANG_ENABLE_MODULES = YES;
				CLANG_ENABLE_OBJC_ARC = YES;
				CLANG_ENABLE_OBJC_WEAK = YES;
				CLANG_WARN_BLOCK_CAPTURE_AUTORELEASING = YES;
				CLANG_WARN_BOOL_CONVERSION = YES;
				CLANG_WARN_COMMA = YES;
				CLANG_WARN_CONSTANT_CONVERSION = YES;
				CLANG_WARN_DEPRECATED_OBJC_IMPLEMENTATIONS = YES;
				CLANG_WARN_DIRECT_OBJC_ISA_USAGE = YES_ERROR;
				CLANG_WARN_DOCUMENTATION_COMMENTS = YES;
				CLANG_WARN_EMPTY_BODY = YES;
				CLANG_WARN_ENUM_CONVERSION = YES;
				CLANG_WARN_INFINITE_RECURSION = YES;
				CLANG_WARN_INT_CONVERSION = YES;
				CLANG_WARN_NON_LITERAL_NULL_CONVERSION = YES;
				CLANG_WARN_OBJC_IMPLICIT_RETAIN_SELF = YES;
				CLANG_WARN_OBJC_LITERAL_CONVERSION = YES;
				CLANG_WARN_OBJC_ROOT_CLASS = YES_ERROR;
				CLANG_WARN_QUOTED_INCLUDE_IN_FRAMEWORK_HEADER = YES;
				CLANG_WARN_RANGE_LOOP_ANALYSIS = YES;
				CLANG_WARN_STRICT_PROTOTYPES = YES;
				CLANG_WARN_SUSPICIOUS_MOVE = YES;
				CLANG_WARN_UNGUARDED_AVAILABILITY = YES_AGGRESSIVE;
				CLANG_WARN_UNREACHABLE_CODE = YES;
				CLANG_WARN__DUPLICATE_METHOD_MATCH = YES;
				COPY_PHASE_STRIP = NO;
				DEBUG_INFORMATION_FORMAT = "dwarf-with-dsym";
				ENABLE_NS_ASSERTIONS = NO;
				ENABLE_STRICT_OBJC_MSGSEND = YES;
				GCC_C_LANGUAGE_STANDARD = gnu11;
				GCC_NO_COMMON_BLOCKS = YES;
				GCC_WARN_64_TO_32_BIT_CONVERSION = YES;
				GCC_WARN_ABOUT_RETURN_TYPE = YES_ERROR;
				GCC_WARN_UNDECLARED_SELECTOR = YES;
				GCC_WARN_UNINITIALIZED_AUTOS = YES_AGGRESSIVE;
				GCC_WARN_UNUSED_FUNCTION = YES;
				GCC_WARN_UNUSED_VARIABLE = YES;
				IPHONEOS_DEPLOYMENT_TARGET = 14.5;
				MTL_ENABLE_DEBUG_INFO = NO;
				MTL_FAST_MATH = YES;
				SDKROOT = iphoneos;
				SWIFT_COMPILATION_MODE = wholemodule;
				SWIFT_OPTIMIZATION_LEVEL = "-O";
				VALIDATE_PRODUCT = YES;
			};
			name = Release;
		};
		555FE97D2738E83E007B6308 /* Debug */ = {
			isa = XCBuildConfiguration;
			buildSettings = {
				ASSETCATALOG_COMPILER_APPICON_NAME = AppIcon;
				ASSETCATALOG_COMPILER_GLOBAL_ACCENT_COLOR_NAME = AccentColor;
				CODE_SIGN_STYLE = Automatic;
				DEVELOPMENT_TEAM = Z5DS3362VK;
				INFOPLIST_FILE = parstagram/Info.plist;
				LD_RUNPATH_SEARCH_PATHS = (
					"$(inherited)",
					"@executable_path/Frameworks",
				);
				PRODUCT_BUNDLE_IDENTIFIER = memo.com.parstagram;
				PRODUCT_NAME = "$(TARGET_NAME)";
				SWIFT_VERSION = 5.0;
				TARGETED_DEVICE_FAMILY = "1,2";
			};
			name = Debug;
		};
		555FE97E2738E83E007B6308 /* Release */ = {
			isa = XCBuildConfiguration;
			buildSettings = {
				ASSETCATALOG_COMPILER_APPICON_NAME = AppIcon;
				ASSETCATALOG_COMPILER_GLOBAL_ACCENT_COLOR_NAME = AccentColor;
				CODE_SIGN_STYLE = Automatic;
				DEVELOPMENT_TEAM = Z5DS3362VK;
				INFOPLIST_FILE = parstagram/Info.plist;
				LD_RUNPATH_SEARCH_PATHS = (
					"$(inherited)",
					"@executable_path/Frameworks",
				);
				PRODUCT_BUNDLE_IDENTIFIER = memo.com.parstagram;
				PRODUCT_NAME = "$(TARGET_NAME)";
				SWIFT_VERSION = 5.0;
				TARGETED_DEVICE_FAMILY = "1,2";
			};
			name = Release;
		};
		555FE9802738E83E007B6308 /* Debug */ = {
			isa = XCBuildConfiguration;
			buildSettings = {
				ALWAYS_EMBED_SWIFT_STANDARD_LIBRARIES = YES;
				BUNDLE_LOADER = "$(TEST_HOST)";
				CODE_SIGN_STYLE = Automatic;
				DEVELOPMENT_TEAM = Z5DS3362VK;
				INFOPLIST_FILE = parstagramTests/Info.plist;
				IPHONEOS_DEPLOYMENT_TARGET = 14.5;
				LD_RUNPATH_SEARCH_PATHS = (
					"$(inherited)",
					"@executable_path/Frameworks",
					"@loader_path/Frameworks",
				);
				PRODUCT_BUNDLE_IDENTIFIER = memo.com.parstagramTests;
				PRODUCT_NAME = "$(TARGET_NAME)";
				SWIFT_VERSION = 5.0;
				TARGETED_DEVICE_FAMILY = "1,2";
				TEST_HOST = "$(BUILT_PRODUCTS_DIR)/parstagram.app/parstagram";
			};
			name = Debug;
		};
		555FE9812738E83E007B6308 /* Release */ = {
			isa = XCBuildConfiguration;
			buildSettings = {
				ALWAYS_EMBED_SWIFT_STANDARD_LIBRARIES = YES;
				BUNDLE_LOADER = "$(TEST_HOST)";
				CODE_SIGN_STYLE = Automatic;
				DEVELOPMENT_TEAM = Z5DS3362VK;
				INFOPLIST_FILE = parstagramTests/Info.plist;
				IPHONEOS_DEPLOYMENT_TARGET = 14.5;
				LD_RUNPATH_SEARCH_PATHS = (
					"$(inherited)",
					"@executable_path/Frameworks",
					"@loader_path/Frameworks",
				);
				PRODUCT_BUNDLE_IDENTIFIER = memo.com.parstagramTests;
				PRODUCT_NAME = "$(TARGET_NAME)";
				SWIFT_VERSION = 5.0;
				TARGETED_DEVICE_FAMILY = "1,2";
				TEST_HOST = "$(BUILT_PRODUCTS_DIR)/parstagram.app/parstagram";
			};
			name = Release;
		};
		555FE9832738E83E007B6308 /* Debug */ = {
			isa = XCBuildConfiguration;
			buildSettings = {
				ALWAYS_EMBED_SWIFT_STANDARD_LIBRARIES = YES;
				CODE_SIGN_STYLE = Automatic;
				DEVELOPMENT_TEAM = Z5DS3362VK;
				INFOPLIST_FILE = parstagramUITests/Info.plist;
				LD_RUNPATH_SEARCH_PATHS = (
					"$(inherited)",
					"@executable_path/Frameworks",
					"@loader_path/Frameworks",
				);
				PRODUCT_BUNDLE_IDENTIFIER = memo.com.parstagramUITests;
				PRODUCT_NAME = "$(TARGET_NAME)";
				SWIFT_VERSION = 5.0;
				TARGETED_DEVICE_FAMILY = "1,2";
				TEST_TARGET_NAME = parstagram;
			};
			name = Debug;
		};
		555FE9842738E83E007B6308 /* Release */ = {
			isa = XCBuildConfiguration;
			buildSettings = {
				ALWAYS_EMBED_SWIFT_STANDARD_LIBRARIES = YES;
				CODE_SIGN_STYLE = Automatic;
				DEVELOPMENT_TEAM = Z5DS3362VK;
				INFOPLIST_FILE = parstagramUITests/Info.plist;
				LD_RUNPATH_SEARCH_PATHS = (
					"$(inherited)",
					"@executable_path/Frameworks",
					"@loader_path/Frameworks",
				);
				PRODUCT_BUNDLE_IDENTIFIER = memo.com.parstagramUITests;
				PRODUCT_NAME = "$(TARGET_NAME)";
				SWIFT_VERSION = 5.0;
				TARGETED_DEVICE_FAMILY = "1,2";
				TEST_TARGET_NAME = parstagram;
			};
			name = Release;
		};
/* End XCBuildConfiguration section */

/* Begin XCConfigurationList section */
		555FE94D2738E83D007B6308 /* Build configuration list for PBXProject "parstagram" */ = {
			isa = XCConfigurationList;
			buildConfigurations = (
				555FE97A2738E83E007B6308 /* Debug */,
				555FE97B2738E83E007B6308 /* Release */,
			);
			defaultConfigurationIsVisible = 0;
			defaultConfigurationName = Release;
		};
		555FE97C2738E83E007B6308 /* Build configuration list for PBXNativeTarget "parstagram" */ = {
			isa = XCConfigurationList;
			buildConfigurations = (
				555FE97D2738E83E007B6308 /* Debug */,
				555FE97E2738E83E007B6308 /* Release */,
			);
			defaultConfigurationIsVisible = 0;
			defaultConfigurationName = Release;
		};
		555FE97F2738E83E007B6308 /* Build configuration list for PBXNativeTarget "parstagramTests" */ = {
			isa = XCConfigurationList;
			buildConfigurations = (
				555FE9802738E83E007B6308 /* Debug */,
				555FE9812738E83E007B6308 /* Release */,
			);
			defaultConfigurationIsVisible = 0;
			defaultConfigurationName = Release;
		};
		555FE9822738E83E007B6308 /* Build configuration list for PBXNativeTarget "parstagramUITests" */ = {
			isa = XCConfigurationList;
			buildConfigurations = (
				555FE9832738E83E007B6308 /* Debug */,
				555FE9842738E83E007B6308 /* Release */,
			);
			defaultConfigurationIsVisible = 0;
			defaultConfigurationName = Release;
		};
/* End XCConfigurationList section */
	};
	rootObject = 555FE94A2738E83D007B6308 /* Project object */;
}
